// !$*UTF8*$!
{
	archiveVersion = 1;
	classes = {
	};
	objectVersion = 48;
	objects = {

/* Begin PBXBuildFile section */
		82D1AB48F07AF99D27024806 /* Pods_RecoilApp.framework in Frameworks */ = {isa = PBXBuildFile; fileRef = 4C9A07F959D622E1C35FE7B1 /* Pods_RecoilApp.framework */; };
		8432F5701FE47BC600C67334 /* FunctionalApp.swift in Sources */ = {isa = PBXBuildFile; fileRef = 8432F56F1FE47BC600C67334 /* FunctionalApp.swift */; };
		8497B9971FE0338900D29705 /* AppDelegate.swift in Sources */ = {isa = PBXBuildFile; fileRef = 8497B9961FE0338900D29705 /* AppDelegate.swift */; };
		8497B9991FE0338900D29705 /* ViewController.swift in Sources */ = {isa = PBXBuildFile; fileRef = 8497B9981FE0338900D29705 /* ViewController.swift */; };
		8497B99C1FE0338900D29705 /* Main.storyboard in Resources */ = {isa = PBXBuildFile; fileRef = 8497B99A1FE0338900D29705 /* Main.storyboard */; };
		8497B99E1FE0338900D29705 /* Assets.xcassets in Resources */ = {isa = PBXBuildFile; fileRef = 8497B99D1FE0338900D29705 /* Assets.xcassets */; };
		8497B9A11FE0338900D29705 /* LaunchScreen.storyboard in Resources */ = {isa = PBXBuildFile; fileRef = 8497B99F1FE0338900D29705 /* LaunchScreen.storyboard */; };
		8497B9C61FE04BA400D29705 /* Recoil.framework in Frameworks */ = {isa = PBXBuildFile; fileRef = 8497B9C71FE04BA400D29705 /* Recoil.framework */; };
		8497B9CD1FE0795A00D29705 /* App.swift in Sources */ = {isa = PBXBuildFile; fileRef = 8497B9CC1FE0795A00D29705 /* App.swift */; };
/* End PBXBuildFile section */

/* Begin PBXFileReference section */
		4C9A07F959D622E1C35FE7B1 /* Pods_RecoilApp.framework */ = {isa = PBXFileReference; explicitFileType = wrapper.framework; includeInIndex = 0; path = Pods_RecoilApp.framework; sourceTree = BUILT_PRODUCTS_DIR; };
		8432F56F1FE47BC600C67334 /* FunctionalApp.swift */ = {isa = PBXFileReference; lastKnownFileType = sourcecode.swift; path = FunctionalApp.swift; sourceTree = "<group>"; };
		8497B9931FE0338900D29705 /* RecoilApp.app */ = {isa = PBXFileReference; explicitFileType = wrapper.application; includeInIndex = 0; path = RecoilApp.app; sourceTree = BUILT_PRODUCTS_DIR; };
		8497B9961FE0338900D29705 /* AppDelegate.swift */ = {isa = PBXFileReference; lastKnownFileType = sourcecode.swift; path = AppDelegate.swift; sourceTree = "<group>"; };
		8497B9981FE0338900D29705 /* ViewController.swift */ = {isa = PBXFileReference; lastKnownFileType = sourcecode.swift; path = ViewController.swift; sourceTree = "<group>"; };
		8497B99B1FE0338900D29705 /* Base */ = {isa = PBXFileReference; lastKnownFileType = file.storyboard; name = Base; path = Base.lproj/Main.storyboard; sourceTree = "<group>"; };
		8497B99D1FE0338900D29705 /* Assets.xcassets */ = {isa = PBXFileReference; lastKnownFileType = folder.assetcatalog; path = Assets.xcassets; sourceTree = "<group>"; };
		8497B9A01FE0338900D29705 /* Base */ = {isa = PBXFileReference; lastKnownFileType = file.storyboard; name = Base; path = Base.lproj/LaunchScreen.storyboard; sourceTree = "<group>"; };
		8497B9A21FE0338900D29705 /* Info.plist */ = {isa = PBXFileReference; lastKnownFileType = text.plist.xml; path = Info.plist; sourceTree = "<group>"; };
		8497B9C71FE04BA400D29705 /* Recoil.framework */ = {isa = PBXFileReference; explicitFileType = wrapper.framework; path = Recoil.framework; sourceTree = BUILT_PRODUCTS_DIR; };
		8497B9CC1FE0795A00D29705 /* App.swift */ = {isa = PBXFileReference; lastKnownFileType = sourcecode.swift; path = App.swift; sourceTree = "<group>"; };
		9BD02B480452C852EA30E869 /* Pods-RecoilApp.debug.xcconfig */ = {isa = PBXFileReference; includeInIndex = 1; lastKnownFileType = text.xcconfig; name = "Pods-RecoilApp.debug.xcconfig"; path = "../Pods/Target Support Files/Pods-RecoilApp/Pods-RecoilApp.debug.xcconfig"; sourceTree = "<group>"; };
		A448E16DA16E01073F9BF840 /* Pods-RecoilApp.release.xcconfig */ = {isa = PBXFileReference; includeInIndex = 1; lastKnownFileType = text.xcconfig; name = "Pods-RecoilApp.release.xcconfig"; path = "../Pods/Target Support Files/Pods-RecoilApp/Pods-RecoilApp.release.xcconfig"; sourceTree = "<group>"; };
/* End PBXFileReference section */

/* Begin PBXFrameworksBuildPhase section */
		8497B9901FE0338900D29705 /* Frameworks */ = {
			isa = PBXFrameworksBuildPhase;
			buildActionMask = 2147483647;
			files = (
				8497B9C61FE04BA400D29705 /* Recoil.framework in Frameworks */,
				82D1AB48F07AF99D27024806 /* Pods_RecoilApp.framework in Frameworks */,
			);
			runOnlyForDeploymentPostprocessing = 0;
		};
/* End PBXFrameworksBuildPhase section */

/* Begin PBXGroup section */
		10606669A327E11D1CD76827 /* Pods */ = {
			isa = PBXGroup;
			children = (
				9BD02B480452C852EA30E869 /* Pods-RecoilApp.debug.xcconfig */,
				A448E16DA16E01073F9BF840 /* Pods-RecoilApp.release.xcconfig */,
			);
			name = Pods;
			sourceTree = "<group>";
		};
		8497B98A1FE0338900D29705 = {
			isa = PBXGroup;
			children = (
				8497B9951FE0338900D29705 /* RecoilApp */,
				8497B9941FE0338900D29705 /* Products */,
				8497B9C51FE04BA400D29705 /* Frameworks */,
				10606669A327E11D1CD76827 /* Pods */,
			);
			sourceTree = "<group>";
		};
		8497B9941FE0338900D29705 /* Products */ = {
			isa = PBXGroup;
			children = (
				8497B9931FE0338900D29705 /* RecoilApp.app */,
			);
			name = Products;
			sourceTree = "<group>";
		};
		8497B9951FE0338900D29705 /* RecoilApp */ = {
			isa = PBXGroup;
			children = (
				8497B9961FE0338900D29705 /* AppDelegate.swift */,
				8497B9981FE0338900D29705 /* ViewController.swift */,
				8497B99A1FE0338900D29705 /* Main.storyboard */,
				8497B99D1FE0338900D29705 /* Assets.xcassets */,
				8497B99F1FE0338900D29705 /* LaunchScreen.storyboard */,
				8497B9A21FE0338900D29705 /* Info.plist */,
				8497B9CC1FE0795A00D29705 /* App.swift */,
				8432F56F1FE47BC600C67334 /* FunctionalApp.swift */,
			);
			path = RecoilApp;
			sourceTree = "<group>";
		};
		8497B9C51FE04BA400D29705 /* Frameworks */ = {
			isa = PBXGroup;
			children = (
				8497B9C71FE04BA400D29705 /* Recoil.framework */,
				4C9A07F959D622E1C35FE7B1 /* Pods_RecoilApp.framework */,
			);
			name = Frameworks;
			sourceTree = "<group>";
		};
/* End PBXGroup section */

/* Begin PBXNativeTarget section */
		8497B9921FE0338900D29705 /* RecoilApp */ = {
			isa = PBXNativeTarget;
			buildConfigurationList = 8497B9A51FE0338900D29705 /* Build configuration list for PBXNativeTarget "RecoilApp" */;
			buildPhases = (
				ACD7E704F31000F251A150A8 /* [CP] Check Pods Manifest.lock */,
				8497B98F1FE0338900D29705 /* Sources */,
				8497B9901FE0338900D29705 /* Frameworks */,
				8497B9911FE0338900D29705 /* Resources */,
				6C6CF0E20C476C2663094A26 /* [CP] Embed Pods Frameworks */,
				1E4092986188B5447F7ACB8D /* [CP] Copy Pods Resources */,
			);
			buildRules = (
			);
			dependencies = (
			);
			name = RecoilApp;
			productName = RecoilApp;
			productReference = 8497B9931FE0338900D29705 /* RecoilApp.app */;
			productType = "com.apple.product-type.application";
		};
/* End PBXNativeTarget section */

/* Begin PBXProject section */
		8497B98B1FE0338900D29705 /* Project object */ = {
			isa = PBXProject;
			attributes = {
				LastSwiftUpdateCheck = 0920;
				LastUpgradeCheck = 0920;
				ORGANIZATIONNAME = "Leland Richardson";
				TargetAttributes = {
					8497B9921FE0338900D29705 = {
						CreatedOnToolsVersion = 9.2;
						ProvisioningStyle = Automatic;
					};
				};
			};
			buildConfigurationList = 8497B98E1FE0338900D29705 /* Build configuration list for PBXProject "RecoilApp" */;
			compatibilityVersion = "Xcode 8.0";
			developmentRegion = en;
			hasScannedForEncodings = 0;
			knownRegions = (
				en,
				Base,
			);
			mainGroup = 8497B98A1FE0338900D29705;
			productRefGroup = 8497B9941FE0338900D29705 /* Products */;
			projectDirPath = "";
			projectRoot = "";
			targets = (
				8497B9921FE0338900D29705 /* RecoilApp */,
			);
		};
/* End PBXProject section */

/* Begin PBXResourcesBuildPhase section */
		8497B9911FE0338900D29705 /* Resources */ = {
			isa = PBXResourcesBuildPhase;
			buildActionMask = 2147483647;
			files = (
				8497B9A11FE0338900D29705 /* LaunchScreen.storyboard in Resources */,
				8497B99E1FE0338900D29705 /* Assets.xcassets in Resources */,
				8497B99C1FE0338900D29705 /* Main.storyboard in Resources */,
			);
			runOnlyForDeploymentPostprocessing = 0;
		};
/* End PBXResourcesBuildPhase section */

/* Begin PBXShellScriptBuildPhase section */
		1E4092986188B5447F7ACB8D /* [CP] Copy Pods Resources */ = {
			isa = PBXShellScriptBuildPhase;
			buildActionMask = 2147483647;
			files = (
			);
			inputPaths = (
			);
			name = "[CP] Copy Pods Resources";
			outputPaths = (
			);
			runOnlyForDeploymentPostprocessing = 0;
			shellPath = /bin/sh;
			shellScript = "\"${SRCROOT}/../Pods/Target Support Files/Pods-RecoilApp/Pods-RecoilApp-resources.sh\"\n";
			showEnvVarsInLog = 0;
		};
		6C6CF0E20C476C2663094A26 /* [CP] Embed Pods Frameworks */ = {
			isa = PBXShellScriptBuildPhase;
			buildActionMask = 2147483647;
			files = (
			);
			inputPaths = (
				"${SRCROOT}/../Pods/Target Support Files/Pods-RecoilApp/Pods-RecoilApp-frameworks.sh",
				"${BUILT_PRODUCTS_DIR}/Yoga/yoga.framework",
				"${BUILT_PRODUCTS_DIR}/YogaKit/YogaKit.framework",
			);
			name = "[CP] Embed Pods Frameworks";
			outputPaths = (
				"${TARGET_BUILD_DIR}/${FRAMEWORKS_FOLDER_PATH}/yoga.framework",
				"${TARGET_BUILD_DIR}/${FRAMEWORKS_FOLDER_PATH}/YogaKit.framework",
			);
			runOnlyForDeploymentPostprocessing = 0;
			shellPath = /bin/sh;
			shellScript = "\"${SRCROOT}/../Pods/Target Support Files/Pods-RecoilApp/Pods-RecoilApp-frameworks.sh\"\n";
			showEnvVarsInLog = 0;
		};
		ACD7E704F31000F251A150A8 /* [CP] Check Pods Manifest.lock */ = {
			isa = PBXShellScriptBuildPhase;
			buildActionMask = 2147483647;
			files = (
			);
			inputPaths = (
				"${PODS_PODFILE_DIR_PATH}/Podfile.lock",
				"${PODS_ROOT}/Manifest.lock",
			);
			name = "[CP] Check Pods Manifest.lock";
			outputPaths = (
				"$(DERIVED_FILE_DIR)/Pods-RecoilApp-checkManifestLockResult.txt",
			);
			runOnlyForDeploymentPostprocessing = 0;
			shellPath = /bin/sh;
			shellScript = "diff \"${PODS_PODFILE_DIR_PATH}/Podfile.lock\" \"${PODS_ROOT}/Manifest.lock\" > /dev/null\nif [ $? != 0 ] ; then\n    # print error to STDERR\n    echo \"error: The sandbox is not in sync with the Podfile.lock. Run 'pod install' or update your CocoaPods installation.\" >&2\n    exit 1\nfi\n# This output is used by Xcode 'outputs' to avoid re-running this script phase.\necho \"SUCCESS\" > \"${SCRIPT_OUTPUT_FILE_0}\"\n";
			showEnvVarsInLog = 0;
		};
/* End PBXShellScriptBuildPhase section */

/* Begin PBXSourcesBuildPhase section */
		8497B98F1FE0338900D29705 /* Sources */ = {
			isa = PBXSourcesBuildPhase;
			buildActionMask = 2147483647;
			files = (
				8497B9CD1FE0795A00D29705 /* App.swift in Sources */,
				8497B9991FE0338900D29705 /* ViewController.swift in Sources */,
				8432F5701FE47BC600C67334 /* FunctionalApp.swift in Sources */,
				8497B9971FE0338900D29705 /* AppDelegate.swift in Sources */,
			);
			runOnlyForDeploymentPostprocessing = 0;
		};
/* End PBXSourcesBuildPhase section */

/* Begin PBXVariantGroup section */
		8497B99A1FE0338900D29705 /* Main.storyboard */ = {
			isa = PBXVariantGroup;
			children = (
				8497B99B1FE0338900D29705 /* Base */,
			);
			name = Main.storyboard;
			sourceTree = "<group>";
		};
		8497B99F1FE0338900D29705 /* LaunchScreen.storyboard */ = {
			isa = PBXVariantGroup;
			children = (
				8497B9A01FE0338900D29705 /* Base */,
			);
			name = LaunchScreen.storyboard;
			sourceTree = "<group>";
		};
/* End PBXVariantGroup section */

/* Begin XCBuildConfiguration section */
		8497B9A31FE0338900D29705 /* Debug */ = {
			isa = XCBuildConfiguration;
			buildSettings = {
				ALWAYS_SEARCH_USER_PATHS = NO;
				CLANG_ANALYZER_NONNULL = YES;
				CLANG_ANALYZER_NUMBER_OBJECT_CONVERSION = YES_AGGRESSIVE;
				CLANG_CXX_LANGUAGE_STANDARD = "gnu++14";
				CLANG_CXX_LIBRARY = "libc++";
				CLANG_ENABLE_MODULES = YES;
				CLANG_ENABLE_OBJC_ARC = YES;
				CLANG_WARN_BLOCK_CAPTURE_AUTORELEASING = YES;
				CLANG_WARN_BOOL_CONVERSION = YES;
				CLANG_WARN_COMMA = YES;
				CLANG_WARN_CONSTANT_CONVERSION = YES;
				CLANG_WARN_DIRECT_OBJC_ISA_USAGE = YES_ERROR;
				CLANG_WARN_DOCUMENTATION_COMMENTS = YES;
				CLANG_WARN_EMPTY_BODY = YES;
				CLANG_WARN_ENUM_CONVERSION = YES;
				CLANG_WARN_INFINITE_RECURSION = YES;
				CLANG_WARN_INT_CONVERSION = YES;
				CLANG_WARN_NON_LITERAL_NULL_CONVERSION = YES;
				CLANG_WARN_OBJC_LITERAL_CONVERSION = YES;
				CLANG_WARN_OBJC_ROOT_CLASS = YES_ERROR;
				CLANG_WARN_RANGE_LOOP_ANALYSIS = YES;
				CLANG_WARN_STRICT_PROTOTYPES = YES;
				CLANG_WARN_SUSPICIOUS_MOVE = YES;
				CLANG_WARN_UNGUARDED_AVAILABILITY = YES_AGGRESSIVE;
				CLANG_WARN_UNREACHABLE_CODE = YES;
				CLANG_WARN__DUPLICATE_METHOD_MATCH = YES;
				CODE_SIGN_IDENTITY = "iPhone Developer";
				COPY_PHASE_STRIP = NO;
				DEBUG_INFORMATION_FORMAT = dwarf;
				ENABLE_STRICT_OBJC_MSGSEND = YES;
				ENABLE_TESTABILITY = YES;
				GCC_C_LANGUAGE_STANDARD = gnu11;
				GCC_DYNAMIC_NO_PIC = NO;
				GCC_NO_COMMON_BLOCKS = YES;
				GCC_OPTIMIZATION_LEVEL = 0;
				GCC_PREPROCESSOR_DEFINITIONS = (
					"DEBUG=1",
					"$(inherited)",
				);
				GCC_WARN_64_TO_32_BIT_CONVERSION = YES;
				GCC_WARN_ABOUT_RETURN_TYPE = YES_ERROR;
				GCC_WARN_UNDECLARED_SELECTOR = YES;
				GCC_WARN_UNINITIALIZED_AUTOS = YES_AGGRESSIVE;
				GCC_WARN_UNUSED_FUNCTION = YES;
				GCC_WARN_UNUSED_VARIABLE = YES;
				IPHONEOS_DEPLOYMENT_TARGET = 11.2;
				MTL_ENABLE_DEBUG_INFO = YES;
				ONLY_ACTIVE_ARCH = YES;
				SDKROOT = iphoneos;
				SWIFT_ACTIVE_COMPILATION_CONDITIONS = DEBUG;
				SWIFT_OPTIMIZATION_LEVEL = "-Onone";
			};
			name = Debug;
		};
		8497B9A41FE0338900D29705 /* Release */ = {
			isa = XCBuildConfiguration;
			buildSettings = {
				ALWAYS_SEARCH_USER_PATHS = NO;
				CLANG_ANALYZER_NONNULL = YES;
				CLANG_ANALYZER_NUMBER_OBJECT_CONVERSION = YES_AGGRESSIVE;
				CLANG_CXX_LANGUAGE_STANDARD = "gnu++14";
				CLANG_CXX_LIBRARY = "libc++";
				CLANG_ENABLE_MODULES = YES;
				CLANG_ENABLE_OBJC_ARC = YES;
				CLANG_WARN_BLOCK_CAPTURE_AUTORELEASING = YES;
				CLANG_WARN_BOOL_CONVERSION = YES;
				CLANG_WARN_COMMA = YES;
				CLANG_WARN_CONSTANT_CONVERSION = YES;
				CLANG_WARN_DIRECT_OBJC_ISA_USAGE = YES_ERROR;
				CLANG_WARN_DOCUMENTATION_COMMENTS = YES;
				CLANG_WARN_EMPTY_BODY = YES;
				CLANG_WARN_ENUM_CONVERSION = YES;
				CLANG_WARN_INFINITE_RECURSION = YES;
				CLANG_WARN_INT_CONVERSION = YES;
				CLANG_WARN_NON_LITERAL_NULL_CONVERSION = YES;
				CLANG_WARN_OBJC_LITERAL_CONVERSION = YES;
				CLANG_WARN_OBJC_ROOT_CLASS = YES_ERROR;
				CLANG_WARN_RANGE_LOOP_ANALYSIS = YES;
				CLANG_WARN_STRICT_PROTOTYPES = YES;
				CLANG_WARN_SUSPICIOUS_MOVE = YES;
				CLANG_WARN_UNGUARDED_AVAILABILITY = YES_AGGRESSIVE;
				CLANG_WARN_UNREACHABLE_CODE = YES;
				CLANG_WARN__DUPLICATE_METHOD_MATCH = YES;
				CODE_SIGN_IDENTITY = "iPhone Developer";
				COPY_PHASE_STRIP = NO;
				DEBUG_INFORMATION_FORMAT = "dwarf-with-dsym";
				ENABLE_NS_ASSERTIONS = NO;
				ENABLE_STRICT_OBJC_MSGSEND = YES;
				GCC_C_LANGUAGE_STANDARD = gnu11;
				GCC_NO_COMMON_BLOCKS = YES;
				GCC_WARN_64_TO_32_BIT_CONVERSION = YES;
				GCC_WARN_ABOUT_RETURN_TYPE = YES_ERROR;
				GCC_WARN_UNDECLARED_SELECTOR = YES;
				GCC_WARN_UNINITIALIZED_AUTOS = YES_AGGRESSIVE;
				GCC_WARN_UNUSED_FUNCTION = YES;
				GCC_WARN_UNUSED_VARIABLE = YES;
				IPHONEOS_DEPLOYMENT_TARGET = 11.2;
				MTL_ENABLE_DEBUG_INFO = NO;
				SDKROOT = iphoneos;
				SWIFT_OPTIMIZATION_LEVEL = "-Owholemodule";
				VALIDATE_PRODUCT = YES;
			};
			name = Release;
		};
		8497B9A61FE0338900D29705 /* Debug */ = {
			isa = XCBuildConfiguration;
			baseConfigurationReference = 9BD02B480452C852EA30E869 /* Pods-RecoilApp.debug.xcconfig */;
			buildSettings = {
				ASSETCATALOG_COMPILER_APPICON_NAME = AppIcon;
				CODE_SIGN_STYLE = Automatic;
				DEVELOPMENT_TEAM = 5LL7P8E8RA;
				INFOPLIST_FILE = RecoilApp/Info.plist;
				IPHONEOS_DEPLOYMENT_TARGET = 11.0;
				LD_RUNPATH_SEARCH_PATHS = "$(inherited) @executable_path/Frameworks";
				PRODUCT_BUNDLE_IDENTIFIER = com.airbnb.RecoilApp;
				PRODUCT_NAME = "$(TARGET_NAME)";
				SWIFT_VERSION = 4.0;
				TARGETED_DEVICE_FAMILY = "1,2";
			};
			name = Debug;
		};
		8497B9A71FE0338900D29705 /* Release */ = {
			isa = XCBuildConfiguration;
			baseConfigurationReference = A448E16DA16E01073F9BF840 /* Pods-RecoilApp.release.xcconfig */;
			buildSettings = {
				ASSETCATALOG_COMPILER_APPICON_NAME = AppIcon;
				CODE_SIGN_STYLE = Automatic;
				DEVELOPMENT_TEAM = 5LL7P8E8RA;
				INFOPLIST_FILE = RecoilApp/Info.plist;
				IPHONEOS_DEPLOYMENT_TARGET = 11.0;
				LD_RUNPATH_SEARCH_PATHS = "$(inherited) @executable_path/Frameworks";
				PRODUCT_BUNDLE_IDENTIFIER = com.airbnb.RecoilApp;
				PRODUCT_NAME = "$(TARGET_NAME)";
				SWIFT_VERSION = 4.0;
				TARGETED_DEVICE_FAMILY = "1,2";
			};
			name = Release;
		};
/* End XCBuildConfiguration section */

/* Begin XCConfigurationList section */
		8497B98E1FE0338900D29705 /* Build configuration list for PBXProject "RecoilApp" */ = {
			isa = XCConfigurationList;
			buildConfigurations = (
				8497B9A31FE0338900D29705 /* Debug */,
				8497B9A41FE0338900D29705 /* Release */,
			);
			defaultConfigurationIsVisible = 0;
			defaultConfigurationName = Release;
		};
		8497B9A51FE0338900D29705 /* Build configuration list for PBXNativeTarget "RecoilApp" */ = {
			isa = XCConfigurationList;
			buildConfigurations = (
				8497B9A61FE0338900D29705 /* Debug */,
				8497B9A71FE0338900D29705 /* Release */,
			);
			defaultConfigurationIsVisible = 0;
			defaultConfigurationName = Release;
		};
/* End XCConfigurationList section */
	};
	rootObject = 8497B98B1FE0338900D29705 /* Project object */;
}
